
Microsoft Visual Studio Solution File, Format Version 12.00
# Visual Studio 14
VisualStudioVersion = 14.0.23107.0
MinimumVisualStudioVersion = 10.0.40219.1
Project("{FAE04EC0-301F-11D3-BF4B-00C04F79EFBC}") = "Checkers", "Checkers\Checkers.csproj", "{123A54D9-8D88-4A8A-94D7-061906157D0A}"
EndProject
Project("{FAE04EC0-301F-11D3-BF4B-00C04F79EFBC}") = "UnitTestEngine", "UnitTestProject1\UnitTestEngine.csproj", "{453CF862-1F1D-4CF8-A9CE-FC6E88BA40F3}"
EndProject
Project("{FAE04EC0-301F-11D3-BF4B-00C04F79EFBC}") = "NeuralBrainTest", "NeuralBrainTest\NeuralBrainTest.csproj", "{906389BC-CAE4-426D-8D75-3D1F75802E89}"
EndProject
Global
	GlobalSection(SolutionConfigurationPlatforms) = preSolution
		Debug|Any CPU = Debug|Any CPU
		Release|Any CPU = Release|Any CPU
	EndGlobalSection
	GlobalSection(ProjectConfigurationPlatforms) = postSolution
		{123A54D9-8D88-4A8A-94D7-061906157D0A}.Debug|Any CPU.ActiveCfg = Debug|Any CPU
		{123A54D9-8D88-4A8A-94D7-061906157D0A}.Debug|Any CPU.Build.0 = Debug|Any CPU
		{123A54D9-8D88-4A8A-94D7-061906157D0A}.Release|Any CPU.ActiveCfg = Release|Any CPU
		{123A54D9-8D88-4A8A-94D7-061906157D0A}.Release|Any CPU.Build.0 = Release|Any CPU
		{453CF862-1F1D-4CF8-A9CE-FC6E88BA40F3}.Debug|Any CPU.ActiveCfg = Debug|Any CPU
		{453CF862-1F1D-4CF8-A9CE-FC6E88BA40F3}.Debug|Any CPU.Build.0 = Debug|Any CPU
		{453CF862-1F1D-4CF8-A9CE-FC6E88BA40F3}.Release|Any CPU.ActiveCfg = Release|Any CPU
		{453CF862-1F1D-4CF8-A9CE-FC6E88BA40F3}.Release|Any CPU.Build.0 = Release|Any CPU
		{906389BC-CAE4-426D-8D75-3D1F75802E89}.Debug|Any CPU.ActiveCfg = Debug|Any CPU
		{906389BC-CAE4-426D-8D75-3D1F75802E89}.Debug|Any CPU.Build.0 = Debug|Any CPU
		{906389BC-CAE4-426D-8D75-3D1F75802E89}.Release|Any CPU.ActiveCfg = Release|Any CPU
		{906389BC-CAE4-426D-8D75-3D1F75802E89}.Release|Any CPU.Build.0 = Release|Any CPU
	EndGlobalSection
	GlobalSection(SolutionProperties) = preSolution
		HideSolutionNode = FALSE
	EndGlobalSection
EndGlobal
